
Microsoft Visual Studio Solution File, Format Version 12.00
# Visual Studio 2015
Project("{FAE04EC0-301F-11D3-BF4B-00C04F79EFBC}") = "fleainvasionv1.0.CSharp", "fleainvasionv1.0.CSharp.csproj", "{62B49E24-A849-703C-ECCA-811D2EB29082}"
EndProject
Global
	GlobalSection(SolutionConfigurationPlatforms) = preSolution
		Debug|Any CPU = Debug|Any CPU
		Release|Any CPU = Release|Any CPU
	EndGlobalSection
	GlobalSection(ProjectConfigurationPlatforms) = postSolution
		{62B49E24-A849-703C-ECCA-811D2EB29082}.Debug|Any CPU.ActiveCfg = Debug|Any CPU
		{62B49E24-A849-703C-ECCA-811D2EB29082}.Debug|Any CPU.Build.0 = Debug|Any CPU
		{62B49E24-A849-703C-ECCA-811D2EB29082}.Release|Any CPU.ActiveCfg = Release|Any CPU
		{62B49E24-A849-703C-ECCA-811D2EB29082}.Release|Any CPU.Build.0 = Release|Any CPU
	EndGlobalSection
	GlobalSection(SolutionProperties) = preSolution
		HideSolutionNode = FALSE
	EndGlobalSection
EndGlobal
